// !$*UTF8*$!
{
	archiveVersion = 1;
	classes = {
	};
	objectVersion = 56;
	objects = {

/* Begin PBXBuildFile section */
		D1014FF22ABEED61001DB3B2 /* SubmitButton.swift in Sources */ = {isa = PBXBuildFile; fileRef = D1014FF12ABEED61001DB3B2 /* SubmitButton.swift */; };
		D1014FF42ABEF188001DB3B2 /* AccountRepository.swift in Sources */ = {isa = PBXBuildFile; fileRef = D1014FF32ABEF188001DB3B2 /* AccountRepository.swift */; };
		D1014FF72ABEF23A001DB3B2 /* User.swift in Sources */ = {isa = PBXBuildFile; fileRef = D1014FF62ABEF23A001DB3B2 /* User.swift */; };
		D1014FF92ABF02CA001DB3B2 /* MovieRepository.swift in Sources */ = {isa = PBXBuildFile; fileRef = D1014FF82ABF02CA001DB3B2 /* MovieRepository.swift */; };
		D1014FFB2ABF0314001DB3B2 /* Movie.swift in Sources */ = {isa = PBXBuildFile; fileRef = D1014FFA2ABF0314001DB3B2 /* Movie.swift */; };
		D1014FFD2ABF0439001DB3B2 /* Cast.swift in Sources */ = {isa = PBXBuildFile; fileRef = D1014FFC2ABF0439001DB3B2 /* Cast.swift */; };
		D10222E22ABBE4420096C023 /* LoginView.swift in Sources */ = {isa = PBXBuildFile; fileRef = D10222E12ABBE4420096C023 /* LoginView.swift */; };
		D10222E62ABBE9560096C023 /* DecoratedField.swift in Sources */ = {isa = PBXBuildFile; fileRef = D10222E52ABBE9560096C023 /* DecoratedField.swift */; };
		D10D59912ABA930E000BAE6E /* NetworkError.swift in Sources */ = {isa = PBXBuildFile; fileRef = D10D59902ABA930E000BAE6E /* NetworkError.swift */; };
		D10D59932ABA955E000BAE6E /* APIClient.swift in Sources */ = {isa = PBXBuildFile; fileRef = D10D59922ABA955E000BAE6E /* APIClient.swift */; };
		D10D59962ABA9E1D000BAE6E /* DataParser.swift in Sources */ = {isa = PBXBuildFile; fileRef = D10D59952ABA9E1D000BAE6E /* DataParser.swift */; };
		D119505C2ABD416A00A4EE80 /* LoginViewModel.swift in Sources */ = {isa = PBXBuildFile; fileRef = D119505B2ABD416A00A4EE80 /* LoginViewModel.swift */; };
		D119505E2ABD418C00A4EE80 /* AuthRepository.swift in Sources */ = {isa = PBXBuildFile; fileRef = D119505D2ABD418C00A4EE80 /* AuthRepository.swift */; };
		D13A7F132ACF2CBC0086AFEA /* movie.json in Resources */ = {isa = PBXBuildFile; fileRef = D13A7F122ACF2CBC0086AFEA /* movie.json */; };
		D13A7F152ACF2CE00086AFEA /* cast.json in Resources */ = {isa = PBXBuildFile; fileRef = D13A7F142ACF2CE00086AFEA /* cast.json */; };
		D13A7F172ACF2CEF0086AFEA /* person.json in Resources */ = {isa = PBXBuildFile; fileRef = D13A7F162ACF2CEF0086AFEA /* person.json */; };
		D13A7F192ACF2DB90086AFEA /* MovieTests.swift in Sources */ = {isa = PBXBuildFile; fileRef = D13A7F182ACF2DB90086AFEA /* MovieTests.swift */; };
		D13A7F1B2ACF2DCD0086AFEA /* CastTests.swift in Sources */ = {isa = PBXBuildFile; fileRef = D13A7F1A2ACF2DCD0086AFEA /* CastTests.swift */; };
		D13A7F1D2ACF2E480086AFEA /* PersonTests.swift in Sources */ = {isa = PBXBuildFile; fileRef = D13A7F1C2ACF2E480086AFEA /* PersonTests.swift */; };
		D152D6B62AB890F70043CD30 /* MovieHorizontalListView.swift in Sources */ = {isa = PBXBuildFile; fileRef = D152D6B52AB890F70043CD30 /* MovieHorizontalListView.swift */; };
		D152D6B92AB89F5B0043CD30 /* MovieDetailView.swift in Sources */ = {isa = PBXBuildFile; fileRef = D152D6B82AB89F5B0043CD30 /* MovieDetailView.swift */; };
		D1530D782AC99AE50006F0E6 /* ThemeView.swift in Sources */ = {isa = PBXBuildFile; fileRef = D1530D772AC99AE50006F0E6 /* ThemeView.swift */; };
		D1530D7A2AC9B2240006F0E6 /* MovieDetailViewModel.swift in Sources */ = {isa = PBXBuildFile; fileRef = D1530D792AC9B2240006F0E6 /* MovieDetailViewModel.swift */; };
		D157AEBB2AC7BB6000C25694 /* MovieListViewModel.swift in Sources */ = {isa = PBXBuildFile; fileRef = D157AEBA2AC7BB6000C25694 /* MovieListViewModel.swift */; };
		D157AEBE2AC8087200C25694 /* Nuke in Frameworks */ = {isa = PBXBuildFile; productRef = D157AEBD2AC8087200C25694 /* Nuke */; };
		D157AEC02AC8087200C25694 /* NukeUI in Frameworks */ = {isa = PBXBuildFile; productRef = D157AEBF2AC8087200C25694 /* NukeUI */; };
		D16263662ABFEAF300413A52 /* AccountEndpoint.swift in Sources */ = {isa = PBXBuildFile; fileRef = D16263652ABFEAF300413A52 /* AccountEndpoint.swift */; };
		D162636A2ABFEC8300413A52 /* CastingError.swift in Sources */ = {isa = PBXBuildFile; fileRef = D16263692ABFEC8300413A52 /* CastingError.swift */; };
		D162636C2ABFECBF00413A52 /* Data+Converter.swift in Sources */ = {isa = PBXBuildFile; fileRef = D162636B2ABFECBF00413A52 /* Data+Converter.swift */; };
		D162636E2AC00A0F00413A52 /* Base.swift in Sources */ = {isa = PBXBuildFile; fileRef = D162636D2AC00A0F00413A52 /* Base.swift */; };
		D16373962AC0127B0077A7F2 /* MovieError.swift in Sources */ = {isa = PBXBuildFile; fileRef = D16373952AC0127B0077A7F2 /* MovieError.swift */; };
		D16373982AC0133B0077A7F2 /* AuthError.swift in Sources */ = {isa = PBXBuildFile; fileRef = D16373972AC0133B0077A7F2 /* AuthError.swift */; };
		D163739E2AC074FF0077A7F2 /* Injection.swift in Sources */ = {isa = PBXBuildFile; fileRef = D163739D2AC074FF0077A7F2 /* Injection.swift */; };
		D16373A62AC083EC0077A7F2 /* Factory in Frameworks */ = {isa = PBXBuildFile; productRef = D16373A52AC083EC0077A7F2 /* Factory */; };
		D17878882ACC577800BED74C /* FavoriteMoviesView.swift in Sources */ = {isa = PBXBuildFile; fileRef = D17878872ACC577800BED74C /* FavoriteMoviesView.swift */; };
		D178788A2ACC5EF000BED74C /* MovieListItem.swift in Sources */ = {isa = PBXBuildFile; fileRef = D17878892ACC5EF000BED74C /* MovieListItem.swift */; };
		D178788C2ACC5FCE00BED74C /* WatchlistMoviesView.swift in Sources */ = {isa = PBXBuildFile; fileRef = D178788B2ACC5FCE00BED74C /* WatchlistMoviesView.swift */; };
		D178788E2ACC6B6200BED74C /* CastViewModel.swift in Sources */ = {isa = PBXBuildFile; fileRef = D178788D2ACC6B6200BED74C /* CastViewModel.swift */; };
		D17878912ACC6D4C00BED74C /* CastRepository.swift in Sources */ = {isa = PBXBuildFile; fileRef = D17878902ACC6D4C00BED74C /* CastRepository.swift */; };
		D17878932ACC6D8700BED74C /* CastEndpoint.swift in Sources */ = {isa = PBXBuildFile; fileRef = D17878922ACC6D8700BED74C /* CastEndpoint.swift */; };
		D17878962ACC6E7700BED74C /* CastView.swift in Sources */ = {isa = PBXBuildFile; fileRef = D17878952ACC6E7700BED74C /* CastView.swift */; };
		D17878982ACC791100BED74C /* CastError.swift in Sources */ = {isa = PBXBuildFile; fileRef = D17878972ACC791100BED74C /* CastError.swift */; };
		D178789C2ACC88C500BED74C /* ProgressLoader.swift in Sources */ = {isa = PBXBuildFile; fileRef = D178789B2ACC88C500BED74C /* ProgressLoader.swift */; };
		D17D756D2AC2894600B65E5A /* Alert+Default.swift in Sources */ = {isa = PBXBuildFile; fileRef = D17D756C2AC2894600B65E5A /* Alert+Default.swift */; };
		D1A9004D2AC1E0890077B4D8 /* ServerError.swift in Sources */ = {isa = PBXBuildFile; fileRef = D1A9004C2AC1E0890077B4D8 /* ServerError.swift */; };
		D1CAE0AA2ACF04C900C709AD /* TMDBTests.swift in Sources */ = {isa = PBXBuildFile; fileRef = D1CAE0A92ACF04C900C709AD /* TMDBTests.swift */; };
		D1CAE0B22ACF050100C709AD /* UserTests.swift in Sources */ = {isa = PBXBuildFile; fileRef = D1CAE0B12ACF050100C709AD /* UserTests.swift */; };
		D1CAE0B52ACF09D500C709AD /* user.json in Resources */ = {isa = PBXBuildFile; fileRef = D1CAE0B42ACF09D500C709AD /* user.json */; };
		D1CAE0B82ACF22EE00C709AD /* AboutView.swift in Sources */ = {isa = PBXBuildFile; fileRef = D1CAE0B72ACF22EE00C709AD /* AboutView.swift */; };
		D1DA72DC2AB7F64200A3E9C8 /* TMDBApp.swift in Sources */ = {isa = PBXBuildFile; fileRef = D1DA72DB2AB7F64200A3E9C8 /* TMDBApp.swift */; };
		D1DA72DE2AB7F64200A3E9C8 /* HomeTabView.swift in Sources */ = {isa = PBXBuildFile; fileRef = D1DA72DD2AB7F64200A3E9C8 /* HomeTabView.swift */; };
		D1DA72E02AB7F64300A3E9C8 /* Assets.xcassets in Resources */ = {isa = PBXBuildFile; fileRef = D1DA72DF2AB7F64300A3E9C8 /* Assets.xcassets */; };
		D1DA72E32AB7F64300A3E9C8 /* Preview Assets.xcassets in Resources */ = {isa = PBXBuildFile; fileRef = D1DA72E22AB7F64300A3E9C8 /* Preview Assets.xcassets */; };
		D1DA72EB2AB7F96D00A3E9C8 /* HomeView.swift in Sources */ = {isa = PBXBuildFile; fileRef = D1DA72EA2AB7F96D00A3E9C8 /* HomeView.swift */; };
		D1DA72ED2AB7F97A00A3E9C8 /* SearchView.swift in Sources */ = {isa = PBXBuildFile; fileRef = D1DA72EC2AB7F97A00A3E9C8 /* SearchView.swift */; };
		D1DA72EF2AB7F9B100A3E9C8 /* SettingsView.swift in Sources */ = {isa = PBXBuildFile; fileRef = D1DA72EE2AB7F9B100A3E9C8 /* SettingsView.swift */; };
		D1E45FFB2ACA8409008F8F00 /* MovieListLoaderView.swift in Sources */ = {isa = PBXBuildFile; fileRef = D1E45FFA2ACA8409008F8F00 /* MovieListLoaderView.swift */; };
		D1E45FFD2ACAA454008F8F00 /* MovieCastViewModel.swift in Sources */ = {isa = PBXBuildFile; fileRef = D1E45FFC2ACAA454008F8F00 /* MovieCastViewModel.swift */; };
		D1E45FFF2ACAA4C8008F8F00 /* MovieCastView.swift in Sources */ = {isa = PBXBuildFile; fileRef = D1E45FFE2ACAA4C8008F8F00 /* MovieCastView.swift */; };
		D1E460022ACABDD7008F8F00 /* Utils.swift in Sources */ = {isa = PBXBuildFile; fileRef = D1E460012ACABDD7008F8F00 /* Utils.swift */; };
		D1E460042ACADD95008F8F00 /* SearchViewModel.swift in Sources */ = {isa = PBXBuildFile; fileRef = D1E460032ACADD95008F8F00 /* SearchViewModel.swift */; };
		D1E460072ACB0AB3008F8F00 /* MovieCard.swift in Sources */ = {isa = PBXBuildFile; fileRef = D1E460062ACB0AB3008F8F00 /* MovieCard.swift */; };
		D1E460092ACB0B5A008F8F00 /* RatingView.swift in Sources */ = {isa = PBXBuildFile; fileRef = D1E460082ACB0B5A008F8F00 /* RatingView.swift */; };
		D1E4600B2ACB0CB3008F8F00 /* EmptySearchView.swift in Sources */ = {isa = PBXBuildFile; fileRef = D1E4600A2ACB0CB3008F8F00 /* EmptySearchView.swift */; };
		D1F1C83E2AC5269900895F27 /* SessionManager.swift in Sources */ = {isa = PBXBuildFile; fileRef = D1F1C83D2AC5269900895F27 /* SessionManager.swift */; };
		D1F1C8432AC5412000895F27 /* RootView.swift in Sources */ = {isa = PBXBuildFile; fileRef = D1F1C8422AC5412000895F27 /* RootView.swift */; };
		D1F1C8462AC5487700895F27 /* OnboardView.swift in Sources */ = {isa = PBXBuildFile; fileRef = D1F1C8452AC5487700895F27 /* OnboardView.swift */; };
		D1F1C8482AC549DB00895F27 /* OnboardInfoView.swift in Sources */ = {isa = PBXBuildFile; fileRef = D1F1C8472AC549DB00895F27 /* OnboardInfoView.swift */; };
		D1F1C84A2AC54ACA00895F27 /* Onboard.swift in Sources */ = {isa = PBXBuildFile; fileRef = D1F1C8492AC54ACA00895F27 /* Onboard.swift */; };
		D1F1C84D2AC56A1F00895F27 /* Setting.swift in Sources */ = {isa = PBXBuildFile; fileRef = D1F1C84C2AC56A1F00895F27 /* Setting.swift */; };
		D1F1C84F2AC58EB900895F27 /* Constants.swift in Sources */ = {isa = PBXBuildFile; fileRef = D1F1C84E2AC58EB900895F27 /* Constants.swift */; };
		D1F1C8512AC58F6400895F27 /* SettingListView.swift in Sources */ = {isa = PBXBuildFile; fileRef = D1F1C8502AC58F6400895F27 /* SettingListView.swift */; };
		D1F1C8532AC58F7B00895F27 /* FooterView.swift in Sources */ = {isa = PBXBuildFile; fileRef = D1F1C8522AC58F7B00895F27 /* FooterView.swift */; };
		D1F7866A2ABA1644001FD890 /* AuthEndpoint.swift in Sources */ = {isa = PBXBuildFile; fileRef = D1F786692ABA1644001FD890 /* AuthEndpoint.swift */; };
		D1F7866C2ABA167E001FD890 /* Endpoint.swift in Sources */ = {isa = PBXBuildFile; fileRef = D1F7866B2ABA167E001FD890 /* Endpoint.swift */; };
		D1F7866E2ABA1E9F001FD890 /* MovieEndpoint.swift in Sources */ = {isa = PBXBuildFile; fileRef = D1F7866D2ABA1E9F001FD890 /* MovieEndpoint.swift */; };
/* End PBXBuildFile section */

/* Begin PBXContainerItemProxy section */
		D1CAE0AB2ACF04C900C709AD /* PBXContainerItemProxy */ = {
			isa = PBXContainerItemProxy;
			containerPortal = D1DA72D02AB7F64200A3E9C8 /* Project object */;
			proxyType = 1;
			remoteGlobalIDString = D1DA72D72AB7F64200A3E9C8;
			remoteInfo = TMDB;
		};
/* End PBXContainerItemProxy section */

/* Begin PBXFileReference section */
		D1014FF12ABEED61001DB3B2 /* SubmitButton.swift */ = {isa = PBXFileReference; lastKnownFileType = sourcecode.swift; path = SubmitButton.swift; sourceTree = "<group>"; };
		D1014FF32ABEF188001DB3B2 /* AccountRepository.swift */ = {isa = PBXFileReference; lastKnownFileType = sourcecode.swift; path = AccountRepository.swift; sourceTree = "<group>"; };
		D1014FF62ABEF23A001DB3B2 /* User.swift */ = {isa = PBXFileReference; lastKnownFileType = sourcecode.swift; path = User.swift; sourceTree = "<group>"; };
		D1014FF82ABF02CA001DB3B2 /* MovieRepository.swift */ = {isa = PBXFileReference; lastKnownFileType = sourcecode.swift; path = MovieRepository.swift; sourceTree = "<group>"; };
		D1014FFA2ABF0314001DB3B2 /* Movie.swift */ = {isa = PBXFileReference; lastKnownFileType = sourcecode.swift; path = Movie.swift; sourceTree = "<group>"; };
		D1014FFC2ABF0439001DB3B2 /* Cast.swift */ = {isa = PBXFileReference; lastKnownFileType = sourcecode.swift; path = Cast.swift; sourceTree = "<group>"; };
		D10222E12ABBE4420096C023 /* LoginView.swift */ = {isa = PBXFileReference; lastKnownFileType = sourcecode.swift; path = LoginView.swift; sourceTree = "<group>"; };
		D10222E52ABBE9560096C023 /* DecoratedField.swift */ = {isa = PBXFileReference; lastKnownFileType = sourcecode.swift; path = DecoratedField.swift; sourceTree = "<group>"; };
		D10D59902ABA930E000BAE6E /* NetworkError.swift */ = {isa = PBXFileReference; lastKnownFileType = sourcecode.swift; path = NetworkError.swift; sourceTree = "<group>"; };
		D10D59922ABA955E000BAE6E /* APIClient.swift */ = {isa = PBXFileReference; lastKnownFileType = sourcecode.swift; path = APIClient.swift; sourceTree = "<group>"; };
		D10D59952ABA9E1D000BAE6E /* DataParser.swift */ = {isa = PBXFileReference; lastKnownFileType = sourcecode.swift; path = DataParser.swift; sourceTree = "<group>"; };
		D119505B2ABD416A00A4EE80 /* LoginViewModel.swift */ = {isa = PBXFileReference; lastKnownFileType = sourcecode.swift; path = LoginViewModel.swift; sourceTree = "<group>"; };
		D119505D2ABD418C00A4EE80 /* AuthRepository.swift */ = {isa = PBXFileReference; lastKnownFileType = sourcecode.swift; path = AuthRepository.swift; sourceTree = "<group>"; };
		D13A7F122ACF2CBC0086AFEA /* movie.json */ = {isa = PBXFileReference; lastKnownFileType = text.json; path = movie.json; sourceTree = "<group>"; };
		D13A7F142ACF2CE00086AFEA /* cast.json */ = {isa = PBXFileReference; lastKnownFileType = text.json; path = cast.json; sourceTree = "<group>"; };
		D13A7F162ACF2CEF0086AFEA /* person.json */ = {isa = PBXFileReference; lastKnownFileType = text.json; path = person.json; sourceTree = "<group>"; };
		D13A7F182ACF2DB90086AFEA /* MovieTests.swift */ = {isa = PBXFileReference; lastKnownFileType = sourcecode.swift; path = MovieTests.swift; sourceTree = "<group>"; };
		D13A7F1A2ACF2DCD0086AFEA /* CastTests.swift */ = {isa = PBXFileReference; lastKnownFileType = sourcecode.swift; path = CastTests.swift; sourceTree = "<group>"; };
		D13A7F1C2ACF2E480086AFEA /* PersonTests.swift */ = {isa = PBXFileReference; lastKnownFileType = sourcecode.swift; path = PersonTests.swift; sourceTree = "<group>"; };
		D152D6B52AB890F70043CD30 /* MovieHorizontalListView.swift */ = {isa = PBXFileReference; lastKnownFileType = sourcecode.swift; path = MovieHorizontalListView.swift; sourceTree = "<group>"; };
		D152D6B82AB89F5B0043CD30 /* MovieDetailView.swift */ = {isa = PBXFileReference; lastKnownFileType = sourcecode.swift; path = MovieDetailView.swift; sourceTree = "<group>"; };
		D1530D772AC99AE50006F0E6 /* ThemeView.swift */ = {isa = PBXFileReference; lastKnownFileType = sourcecode.swift; path = ThemeView.swift; sourceTree = "<group>"; };
		D1530D792AC9B2240006F0E6 /* MovieDetailViewModel.swift */ = {isa = PBXFileReference; lastKnownFileType = sourcecode.swift; path = MovieDetailViewModel.swift; sourceTree = "<group>"; };
		D157AEBA2AC7BB6000C25694 /* MovieListViewModel.swift */ = {isa = PBXFileReference; lastKnownFileType = sourcecode.swift; path = MovieListViewModel.swift; sourceTree = "<group>"; };
		D16263652ABFEAF300413A52 /* AccountEndpoint.swift */ = {isa = PBXFileReference; lastKnownFileType = sourcecode.swift; path = AccountEndpoint.swift; sourceTree = "<group>"; };
		D16263692ABFEC8300413A52 /* CastingError.swift */ = {isa = PBXFileReference; lastKnownFileType = sourcecode.swift; path = CastingError.swift; sourceTree = "<group>"; };
		D162636B2ABFECBF00413A52 /* Data+Converter.swift */ = {isa = PBXFileReference; lastKnownFileType = sourcecode.swift; path = "Data+Converter.swift"; sourceTree = "<group>"; };
		D162636D2AC00A0F00413A52 /* Base.swift */ = {isa = PBXFileReference; lastKnownFileType = sourcecode.swift; path = Base.swift; sourceTree = "<group>"; };
		D16373952AC0127B0077A7F2 /* MovieError.swift */ = {isa = PBXFileReference; lastKnownFileType = sourcecode.swift; path = MovieError.swift; sourceTree = "<group>"; };
		D16373972AC0133B0077A7F2 /* AuthError.swift */ = {isa = PBXFileReference; lastKnownFileType = sourcecode.swift; path = AuthError.swift; sourceTree = "<group>"; };
		D163739D2AC074FF0077A7F2 /* Injection.swift */ = {isa = PBXFileReference; lastKnownFileType = sourcecode.swift; path = Injection.swift; sourceTree = "<group>"; };
		D17878872ACC577800BED74C /* FavoriteMoviesView.swift */ = {isa = PBXFileReference; lastKnownFileType = sourcecode.swift; path = FavoriteMoviesView.swift; sourceTree = "<group>"; };
		D17878892ACC5EF000BED74C /* MovieListItem.swift */ = {isa = PBXFileReference; lastKnownFileType = sourcecode.swift; path = MovieListItem.swift; sourceTree = "<group>"; };
		D178788B2ACC5FCE00BED74C /* WatchlistMoviesView.swift */ = {isa = PBXFileReference; lastKnownFileType = sourcecode.swift; path = WatchlistMoviesView.swift; sourceTree = "<group>"; };
		D178788D2ACC6B6200BED74C /* CastViewModel.swift */ = {isa = PBXFileReference; lastKnownFileType = sourcecode.swift; path = CastViewModel.swift; sourceTree = "<group>"; };
		D17878902ACC6D4C00BED74C /* CastRepository.swift */ = {isa = PBXFileReference; lastKnownFileType = sourcecode.swift; path = CastRepository.swift; sourceTree = "<group>"; };
		D17878922ACC6D8700BED74C /* CastEndpoint.swift */ = {isa = PBXFileReference; lastKnownFileType = sourcecode.swift; path = CastEndpoint.swift; sourceTree = "<group>"; };
		D17878952ACC6E7700BED74C /* CastView.swift */ = {isa = PBXFileReference; lastKnownFileType = sourcecode.swift; path = CastView.swift; sourceTree = "<group>"; };
		D17878972ACC791100BED74C /* CastError.swift */ = {isa = PBXFileReference; lastKnownFileType = sourcecode.swift; path = CastError.swift; sourceTree = "<group>"; };
		D178789B2ACC88C500BED74C /* ProgressLoader.swift */ = {isa = PBXFileReference; lastKnownFileType = sourcecode.swift; path = ProgressLoader.swift; sourceTree = "<group>"; };
		D17D756C2AC2894600B65E5A /* Alert+Default.swift */ = {isa = PBXFileReference; lastKnownFileType = sourcecode.swift; path = "Alert+Default.swift"; sourceTree = "<group>"; };
		D1A9004C2AC1E0890077B4D8 /* ServerError.swift */ = {isa = PBXFileReference; lastKnownFileType = sourcecode.swift; path = ServerError.swift; sourceTree = "<group>"; };
		D1CAE0A72ACF04C900C709AD /* TMDBTests.xctest */ = {isa = PBXFileReference; explicitFileType = wrapper.cfbundle; includeInIndex = 0; path = TMDBTests.xctest; sourceTree = BUILT_PRODUCTS_DIR; };
		D1CAE0A92ACF04C900C709AD /* TMDBTests.swift */ = {isa = PBXFileReference; lastKnownFileType = sourcecode.swift; path = TMDBTests.swift; sourceTree = "<group>"; };
		D1CAE0B12ACF050100C709AD /* UserTests.swift */ = {isa = PBXFileReference; lastKnownFileType = sourcecode.swift; path = UserTests.swift; sourceTree = "<group>"; };
		D1CAE0B42ACF09D500C709AD /* user.json */ = {isa = PBXFileReference; lastKnownFileType = text.json; path = user.json; sourceTree = "<group>"; };
		D1CAE0B72ACF22EE00C709AD /* AboutView.swift */ = {isa = PBXFileReference; lastKnownFileType = sourcecode.swift; path = AboutView.swift; sourceTree = "<group>"; };
		D1DA72D82AB7F64200A3E9C8 /* TMDB.app */ = {isa = PBXFileReference; explicitFileType = wrapper.application; includeInIndex = 0; path = TMDB.app; sourceTree = BUILT_PRODUCTS_DIR; };
		D1DA72DB2AB7F64200A3E9C8 /* TMDBApp.swift */ = {isa = PBXFileReference; lastKnownFileType = sourcecode.swift; path = TMDBApp.swift; sourceTree = "<group>"; };
		D1DA72DD2AB7F64200A3E9C8 /* HomeTabView.swift */ = {isa = PBXFileReference; lastKnownFileType = sourcecode.swift; path = HomeTabView.swift; sourceTree = "<group>"; };
		D1DA72DF2AB7F64300A3E9C8 /* Assets.xcassets */ = {isa = PBXFileReference; lastKnownFileType = folder.assetcatalog; path = Assets.xcassets; sourceTree = "<group>"; };
		D1DA72E22AB7F64300A3E9C8 /* Preview Assets.xcassets */ = {isa = PBXFileReference; lastKnownFileType = folder.assetcatalog; path = "Preview Assets.xcassets"; sourceTree = "<group>"; };
		D1DA72EA2AB7F96D00A3E9C8 /* HomeView.swift */ = {isa = PBXFileReference; lastKnownFileType = sourcecode.swift; path = HomeView.swift; sourceTree = "<group>"; };
		D1DA72EC2AB7F97A00A3E9C8 /* SearchView.swift */ = {isa = PBXFileReference; lastKnownFileType = sourcecode.swift; path = SearchView.swift; sourceTree = "<group>"; };
		D1DA72EE2AB7F9B100A3E9C8 /* SettingsView.swift */ = {isa = PBXFileReference; lastKnownFileType = sourcecode.swift; path = SettingsView.swift; sourceTree = "<group>"; };
		D1E45FFA2ACA8409008F8F00 /* MovieListLoaderView.swift */ = {isa = PBXFileReference; lastKnownFileType = sourcecode.swift; path = MovieListLoaderView.swift; sourceTree = "<group>"; };
		D1E45FFC2ACAA454008F8F00 /* MovieCastViewModel.swift */ = {isa = PBXFileReference; lastKnownFileType = sourcecode.swift; path = MovieCastViewModel.swift; sourceTree = "<group>"; };
		D1E45FFE2ACAA4C8008F8F00 /* MovieCastView.swift */ = {isa = PBXFileReference; lastKnownFileType = sourcecode.swift; path = MovieCastView.swift; sourceTree = "<group>"; };
		D1E460012ACABDD7008F8F00 /* Utils.swift */ = {isa = PBXFileReference; lastKnownFileType = sourcecode.swift; path = Utils.swift; sourceTree = "<group>"; };
		D1E460032ACADD95008F8F00 /* SearchViewModel.swift */ = {isa = PBXFileReference; lastKnownFileType = sourcecode.swift; path = SearchViewModel.swift; sourceTree = "<group>"; };
		D1E460062ACB0AB3008F8F00 /* MovieCard.swift */ = {isa = PBXFileReference; lastKnownFileType = sourcecode.swift; path = MovieCard.swift; sourceTree = "<group>"; };
		D1E460082ACB0B5A008F8F00 /* RatingView.swift */ = {isa = PBXFileReference; lastKnownFileType = sourcecode.swift; path = RatingView.swift; sourceTree = "<group>"; };
		D1E4600A2ACB0CB3008F8F00 /* EmptySearchView.swift */ = {isa = PBXFileReference; lastKnownFileType = sourcecode.swift; path = EmptySearchView.swift; sourceTree = "<group>"; };
		D1F1C83D2AC5269900895F27 /* SessionManager.swift */ = {isa = PBXFileReference; lastKnownFileType = sourcecode.swift; path = SessionManager.swift; sourceTree = "<group>"; };
		D1F1C8422AC5412000895F27 /* RootView.swift */ = {isa = PBXFileReference; lastKnownFileType = sourcecode.swift; path = RootView.swift; sourceTree = "<group>"; };
		D1F1C8452AC5487700895F27 /* OnboardView.swift */ = {isa = PBXFileReference; lastKnownFileType = sourcecode.swift; path = OnboardView.swift; sourceTree = "<group>"; };
		D1F1C8472AC549DB00895F27 /* OnboardInfoView.swift */ = {isa = PBXFileReference; lastKnownFileType = sourcecode.swift; path = OnboardInfoView.swift; sourceTree = "<group>"; };
		D1F1C8492AC54ACA00895F27 /* Onboard.swift */ = {isa = PBXFileReference; lastKnownFileType = sourcecode.swift; path = Onboard.swift; sourceTree = "<group>"; };
		D1F1C84C2AC56A1F00895F27 /* Setting.swift */ = {isa = PBXFileReference; lastKnownFileType = sourcecode.swift; path = Setting.swift; sourceTree = "<group>"; };
		D1F1C84E2AC58EB900895F27 /* Constants.swift */ = {isa = PBXFileReference; lastKnownFileType = sourcecode.swift; path = Constants.swift; sourceTree = "<group>"; };
		D1F1C8502AC58F6400895F27 /* SettingListView.swift */ = {isa = PBXFileReference; lastKnownFileType = sourcecode.swift; path = SettingListView.swift; sourceTree = "<group>"; };
		D1F1C8522AC58F7B00895F27 /* FooterView.swift */ = {isa = PBXFileReference; lastKnownFileType = sourcecode.swift; path = FooterView.swift; sourceTree = "<group>"; };
		D1F786692ABA1644001FD890 /* AuthEndpoint.swift */ = {isa = PBXFileReference; lastKnownFileType = sourcecode.swift; path = AuthEndpoint.swift; sourceTree = "<group>"; };
		D1F7866B2ABA167E001FD890 /* Endpoint.swift */ = {isa = PBXFileReference; lastKnownFileType = sourcecode.swift; path = Endpoint.swift; sourceTree = "<group>"; };
		D1F7866D2ABA1E9F001FD890 /* MovieEndpoint.swift */ = {isa = PBXFileReference; lastKnownFileType = sourcecode.swift; path = MovieEndpoint.swift; sourceTree = "<group>"; };
/* End PBXFileReference section */

/* Begin PBXFrameworksBuildPhase section */
		D1CAE0A42ACF04C900C709AD /* Frameworks */ = {
			isa = PBXFrameworksBuildPhase;
			buildActionMask = 2147483647;
			files = (
			);
			runOnlyForDeploymentPostprocessing = 0;
		};
		D1DA72D52AB7F64200A3E9C8 /* Frameworks */ = {
			isa = PBXFrameworksBuildPhase;
			buildActionMask = 2147483647;
			files = (
				D157AEC02AC8087200C25694 /* NukeUI in Frameworks */,
				D16373A62AC083EC0077A7F2 /* Factory in Frameworks */,
				D157AEBE2AC8087200C25694 /* Nuke in Frameworks */,
			);
			runOnlyForDeploymentPostprocessing = 0;
		};
/* End PBXFrameworksBuildPhase section */

/* Begin PBXGroup section */
		D1014FEE2ABEED3A001DB3B2 /* Components */ = {
			isa = PBXGroup;
			children = (
				D1014FF12ABEED61001DB3B2 /* SubmitButton.swift */,
				D178789B2ACC88C500BED74C /* ProgressLoader.swift */,
				D1E460082ACB0B5A008F8F00 /* RatingView.swift */,
			);
			path = Components;
			sourceTree = "<group>";
		};
		D1014FF52ABEF231001DB3B2 /* Models */ = {
			isa = PBXGroup;
			children = (
				D1014FF62ABEF23A001DB3B2 /* User.swift */,
				D1014FFA2ABF0314001DB3B2 /* Movie.swift */,
				D1014FFC2ABF0439001DB3B2 /* Cast.swift */,
				D162636D2AC00A0F00413A52 /* Base.swift */,
				D1F1C8492AC54ACA00895F27 /* Onboard.swift */,
				D1F1C84C2AC56A1F00895F27 /* Setting.swift */,
			);
			path = Models;
			sourceTree = "<group>";
		};
		D10222DF2ABBE3D40096C023 /* App */ = {
			isa = PBXGroup;
			children = (
				D1DA72DB2AB7F64200A3E9C8 /* TMDBApp.swift */,
				D1F1C8422AC5412000895F27 /* RootView.swift */,
			);
			path = App;
			sourceTree = "<group>";
		};
		D10222E02ABBE4330096C023 /* Login */ = {
			isa = PBXGroup;
			children = (
				D10222E12ABBE4420096C023 /* LoginView.swift */,
			);
			path = Login;
			sourceTree = "<group>";
		};
		D10222E32ABBE9170096C023 /* Core */ = {
			isa = PBXGroup;
			children = (
				D1E460002ACABDC6008F8F00 /* Utils */,
				D163739C2AC074C60077A7F2 /* DI */,
				D16263682ABFEC7500413A52 /* Errors */,
				D16263672ABFEC3800413A52 /* Extensions */,
				D1014FEE2ABEED3A001DB3B2 /* Components */,
				D10222E42ABBE9390096C023 /* Modifiers */,
				D1F1C84E2AC58EB900895F27 /* Constants.swift */,
			);
			path = Core;
			sourceTree = "<group>";
		};
		D10222E42ABBE9390096C023 /* Modifiers */ = {
			isa = PBXGroup;
			children = (
				D10222E52ABBE9560096C023 /* DecoratedField.swift */,
			);
			path = Modifiers;
			sourceTree = "<group>";
		};
		D10D59942ABA9E08000BAE6E /* Parser */ = {
			isa = PBXGroup;
			children = (
				D10D59952ABA9E1D000BAE6E /* DataParser.swift */,
			);
			path = Parser;
			sourceTree = "<group>";
		};
		D10D59972ABA9E8B000BAE6E /* Repositories */ = {
			isa = PBXGroup;
			children = (
				D119505D2ABD418C00A4EE80 /* AuthRepository.swift */,
				D1014FF32ABEF188001DB3B2 /* AccountRepository.swift */,
				D1014FF82ABF02CA001DB3B2 /* MovieRepository.swift */,
				D17878902ACC6D4C00BED74C /* CastRepository.swift */,
			);
			path = Repositories;
			sourceTree = "<group>";
		};
		D119505A2ABD415600A4EE80 /* ViewModels */ = {
			isa = PBXGroup;
			children = (
				D178788F2ACC6D2300BED74C /* Cast */,
				D1E460052ACADDCC008F8F00 /* Search */,
				D157AEB92AC7BB5000C25694 /* Movies */,
				D157AEB82AC7BB4100C25694 /* Login */,
			);
			path = ViewModels;
			sourceTree = "<group>";
		};
		D14155ED2ABCB6B600A12BDE /* Resources */ = {
			isa = PBXGroup;
			children = (
				D1DA72DF2AB7F64300A3E9C8 /* Assets.xcassets */,
			);
			path = Resources;
			sourceTree = "<group>";
		};
		D152D6B22AB890BF0043CD30 /* Home */ = {
			isa = PBXGroup;
			children = (
				D1DA72EA2AB7F96D00A3E9C8 /* HomeView.swift */,
			);
			path = Home;
			sourceTree = "<group>";
		};
		D152D6B32AB890C60043CD30 /* Search */ = {
			isa = PBXGroup;
			children = (
				D1DA72EC2AB7F97A00A3E9C8 /* SearchView.swift */,
				D1E4600A2ACB0CB3008F8F00 /* EmptySearchView.swift */,
			);
			path = Search;
			sourceTree = "<group>";
		};
		D152D6B42AB890CD0043CD30 /* Settings */ = {
			isa = PBXGroup;
			children = (
				D1DA72EE2AB7F9B100A3E9C8 /* SettingsView.swift */,
				D1CAE0B72ACF22EE00C709AD /* AboutView.swift */,
				D1F1C8522AC58F7B00895F27 /* FooterView.swift */,
				D1F1C8502AC58F6400895F27 /* SettingListView.swift */,
			);
			path = Settings;
			sourceTree = "<group>";
		};
		D152D6B72AB89F370043CD30 /* Movies */ = {
			isa = PBXGroup;
			children = (
				D152D6B52AB890F70043CD30 /* MovieHorizontalListView.swift */,
				D1E45FFA2ACA8409008F8F00 /* MovieListLoaderView.swift */,
				D152D6B82AB89F5B0043CD30 /* MovieDetailView.swift */,
				D1E45FFE2ACAA4C8008F8F00 /* MovieCastView.swift */,
				D1E460062ACB0AB3008F8F00 /* MovieCard.swift */,
				D17878872ACC577800BED74C /* FavoriteMoviesView.swift */,
				D17878892ACC5EF000BED74C /* MovieListItem.swift */,
				D178788B2ACC5FCE00BED74C /* WatchlistMoviesView.swift */,
			);
			path = Movies;
			sourceTree = "<group>";
		};
		D1530D762AC99ADA0006F0E6 /* Theme */ = {
			isa = PBXGroup;
			children = (
				D1530D772AC99AE50006F0E6 /* ThemeView.swift */,
			);
			path = Theme;
			sourceTree = "<group>";
		};
		D157AEB82AC7BB4100C25694 /* Login */ = {
			isa = PBXGroup;
			children = (
				D119505B2ABD416A00A4EE80 /* LoginViewModel.swift */,
			);
			path = Login;
			sourceTree = "<group>";
		};
		D157AEB92AC7BB5000C25694 /* Movies */ = {
			isa = PBXGroup;
			children = (
				D157AEBA2AC7BB6000C25694 /* MovieListViewModel.swift */,
				D1530D792AC9B2240006F0E6 /* MovieDetailViewModel.swift */,
				D1E45FFC2ACAA454008F8F00 /* MovieCastViewModel.swift */,
			);
			path = Movies;
			sourceTree = "<group>";
		};
		D16263672ABFEC3800413A52 /* Extensions */ = {
			isa = PBXGroup;
			children = (
				D162636B2ABFECBF00413A52 /* Data+Converter.swift */,
				D17D756C2AC2894600B65E5A /* Alert+Default.swift */,
			);
			path = Extensions;
			sourceTree = "<group>";
		};
		D16263682ABFEC7500413A52 /* Errors */ = {
			isa = PBXGroup;
			children = (
				D16263692ABFEC8300413A52 /* CastingError.swift */,
				D16373952AC0127B0077A7F2 /* MovieError.swift */,
				D17878972ACC791100BED74C /* CastError.swift */,
				D16373972AC0133B0077A7F2 /* AuthError.swift */,
				D1A9004C2AC1E0890077B4D8 /* ServerError.swift */,
			);
			path = Errors;
			sourceTree = "<group>";
		};
		D163739C2AC074C60077A7F2 /* DI */ = {
			isa = PBXGroup;
			children = (
				D163739D2AC074FF0077A7F2 /* Injection.swift */,
			);
			path = DI;
			sourceTree = "<group>";
		};
		D178788F2ACC6D2300BED74C /* Cast */ = {
			isa = PBXGroup;
			children = (
				D178788D2ACC6B6200BED74C /* CastViewModel.swift */,
			);
			path = Cast;
			sourceTree = "<group>";
		};
		D17878942ACC6E6100BED74C /* Cast */ = {
			isa = PBXGroup;
			children = (
				D17878952ACC6E7700BED74C /* CastView.swift */,
			);
			path = Cast;
			sourceTree = "<group>";
		};
		D1CAE0A82ACF04C900C709AD /* TMDBTests */ = {
			isa = PBXGroup;
			children = (
				D1CAE0B32ACF09BE00C709AD /* Data */,
				D1CAE0B02ACF04DF00C709AD /* Models */,
				D1CAE0A92ACF04C900C709AD /* TMDBTests.swift */,
			);
			path = TMDBTests;
			sourceTree = "<group>";
		};
		D1CAE0B02ACF04DF00C709AD /* Models */ = {
			isa = PBXGroup;
			children = (
				D1CAE0B12ACF050100C709AD /* UserTests.swift */,
				D13A7F1A2ACF2DCD0086AFEA /* CastTests.swift */,
				D13A7F1C2ACF2E480086AFEA /* PersonTests.swift */,
				D13A7F182ACF2DB90086AFEA /* MovieTests.swift */,
			);
			path = Models;
			sourceTree = "<group>";
		};
		D1CAE0B32ACF09BE00C709AD /* Data */ = {
			isa = PBXGroup;
			children = (
				D1CAE0B42ACF09D500C709AD /* user.json */,
				D13A7F122ACF2CBC0086AFEA /* movie.json */,
				D13A7F142ACF2CE00086AFEA /* cast.json */,
				D13A7F162ACF2CEF0086AFEA /* person.json */,
			);
			path = Data;
			sourceTree = "<group>";
		};
		D1DA72CF2AB7F64200A3E9C8 = {
			isa = PBXGroup;
			children = (
				D1DA72DA2AB7F64200A3E9C8 /* TMDB */,
				D1CAE0A82ACF04C900C709AD /* TMDBTests */,
				D1DA72D92AB7F64200A3E9C8 /* Products */,
			);
			sourceTree = "<group>";
		};
		D1DA72D92AB7F64200A3E9C8 /* Products */ = {
			isa = PBXGroup;
			children = (
				D1DA72D82AB7F64200A3E9C8 /* TMDB.app */,
				D1CAE0A72ACF04C900C709AD /* TMDBTests.xctest */,
			);
			name = Products;
			sourceTree = "<group>";
		};
		D1DA72DA2AB7F64200A3E9C8 /* TMDB */ = {
			isa = PBXGroup;
			children = (
				D10222DF2ABBE3D40096C023 /* App */,
				D10222E32ABBE9170096C023 /* Core */,
				D1F1C83C2AC5268800895F27 /* Managers */,
				D1F786672ABA1504001FD890 /* Network */,
				D1014FF52ABEF231001DB3B2 /* Models */,
				D1DA72E92AB7F95000A3E9C8 /* Views */,
				D119505A2ABD415600A4EE80 /* ViewModels */,
				D10D59972ABA9E8B000BAE6E /* Repositories */,
				D14155ED2ABCB6B600A12BDE /* Resources */,
				D1DA72E12AB7F64300A3E9C8 /* Preview Content */,
			);
			path = TMDB;
			sourceTree = "<group>";
		};
		D1DA72E12AB7F64300A3E9C8 /* Preview Content */ = {
			isa = PBXGroup;
			children = (
				D1DA72E22AB7F64300A3E9C8 /* Preview Assets.xcassets */,
			);
			path = "Preview Content";
			sourceTree = "<group>";
		};
		D1DA72E92AB7F95000A3E9C8 /* Views */ = {
			isa = PBXGroup;
			children = (
				D17878942ACC6E6100BED74C /* Cast */,
				D1530D762AC99ADA0006F0E6 /* Theme */,
				D1F1C8442AC5417C00895F27 /* Onboard */,
				D1F1C83F2AC540D700895F27 /* HomeTabView */,
				D10222E02ABBE4330096C023 /* Login */,
				D152D6B72AB89F370043CD30 /* Movies */,
				D152D6B22AB890BF0043CD30 /* Home */,
				D152D6B32AB890C60043CD30 /* Search */,
				D152D6B42AB890CD0043CD30 /* Settings */,
			);
			path = Views;
			sourceTree = "<group>";
		};
		D1E460002ACABDC6008F8F00 /* Utils */ = {
			isa = PBXGroup;
			children = (
				D1E460012ACABDD7008F8F00 /* Utils.swift */,
			);
			path = Utils;
			sourceTree = "<group>";
		};
		D1E460052ACADDCC008F8F00 /* Search */ = {
			isa = PBXGroup;
			children = (
				D1E460032ACADD95008F8F00 /* SearchViewModel.swift */,
			);
			path = Search;
			sourceTree = "<group>";
		};
		D1F1C83C2AC5268800895F27 /* Managers */ = {
			isa = PBXGroup;
			children = (
				D1F1C83D2AC5269900895F27 /* SessionManager.swift */,
			);
			path = Managers;
			sourceTree = "<group>";
		};
		D1F1C83F2AC540D700895F27 /* HomeTabView */ = {
			isa = PBXGroup;
			children = (
				D1DA72DD2AB7F64200A3E9C8 /* HomeTabView.swift */,
			);
			path = HomeTabView;
			sourceTree = "<group>";
		};
		D1F1C8442AC5417C00895F27 /* Onboard */ = {
			isa = PBXGroup;
			children = (
				D1F1C8452AC5487700895F27 /* OnboardView.swift */,
				D1F1C8472AC549DB00895F27 /* OnboardInfoView.swift */,
			);
			path = Onboard;
			sourceTree = "<group>";
		};
		D1F786672ABA1504001FD890 /* Network */ = {
			isa = PBXGroup;
			children = (
				D10D59942ABA9E08000BAE6E /* Parser */,
				D1F786682ABA161A001FD890 /* Endpoint */,
				D10D59902ABA930E000BAE6E /* NetworkError.swift */,
				D10D59922ABA955E000BAE6E /* APIClient.swift */,
			);
			path = Network;
			sourceTree = "<group>";
		};
		D1F786682ABA161A001FD890 /* Endpoint */ = {
			isa = PBXGroup;
			children = (
				D1F786692ABA1644001FD890 /* AuthEndpoint.swift */,
				D1F7866D2ABA1E9F001FD890 /* MovieEndpoint.swift */,
				D17878922ACC6D8700BED74C /* CastEndpoint.swift */,
				D1F7866B2ABA167E001FD890 /* Endpoint.swift */,
				D16263652ABFEAF300413A52 /* AccountEndpoint.swift */,
			);
			path = Endpoint;
			sourceTree = "<group>";
		};
/* End PBXGroup section */

/* Begin PBXNativeTarget section */
		D1CAE0A62ACF04C900C709AD /* TMDBTests */ = {
			isa = PBXNativeTarget;
			buildConfigurationList = D1CAE0AF2ACF04C900C709AD /* Build configuration list for PBXNativeTarget "TMDBTests" */;
			buildPhases = (
				D1CAE0A32ACF04C900C709AD /* Sources */,
				D1CAE0A42ACF04C900C709AD /* Frameworks */,
				D1CAE0A52ACF04C900C709AD /* Resources */,
			);
			buildRules = (
			);
			dependencies = (
				D1CAE0AC2ACF04C900C709AD /* PBXTargetDependency */,
			);
			name = TMDBTests;
			productName = TMDBTests;
			productReference = D1CAE0A72ACF04C900C709AD /* TMDBTests.xctest */;
			productType = "com.apple.product-type.bundle.unit-test";
		};
		D1DA72D72AB7F64200A3E9C8 /* TMDB */ = {
			isa = PBXNativeTarget;
			buildConfigurationList = D1DA72E62AB7F64300A3E9C8 /* Build configuration list for PBXNativeTarget "TMDB" */;
			buildPhases = (
				D1DA72D42AB7F64200A3E9C8 /* Sources */,
				D1DA72D52AB7F64200A3E9C8 /* Frameworks */,
				D1DA72D62AB7F64200A3E9C8 /* Resources */,
			);
			buildRules = (
			);
			dependencies = (
			);
			name = TMDB;
			packageProductDependencies = (
				D16373A52AC083EC0077A7F2 /* Factory */,
				D157AEBD2AC8087200C25694 /* Nuke */,
				D157AEBF2AC8087200C25694 /* NukeUI */,
			);
			productName = TMDB;
			productReference = D1DA72D82AB7F64200A3E9C8 /* TMDB.app */;
			productType = "com.apple.product-type.application";
		};
/* End PBXNativeTarget section */

/* Begin PBXProject section */
		D1DA72D02AB7F64200A3E9C8 /* Project object */ = {
			isa = PBXProject;
			attributes = {
				BuildIndependentTargetsInParallel = 1;
				LastSwiftUpdateCheck = 1500;
				LastUpgradeCheck = 1430;
				TargetAttributes = {
					D1CAE0A62ACF04C900C709AD = {
						CreatedOnToolsVersion = 15.0;
						TestTargetID = D1DA72D72AB7F64200A3E9C8;
					};
					D1DA72D72AB7F64200A3E9C8 = {
						CreatedOnToolsVersion = 14.3.1;
					};
				};
			};
			buildConfigurationList = D1DA72D32AB7F64200A3E9C8 /* Build configuration list for PBXProject "TMDB" */;
			compatibilityVersion = "Xcode 14.0";
			developmentRegion = en;
			hasScannedForEncodings = 0;
			knownRegions = (
				en,
				Base,
			);
			mainGroup = D1DA72CF2AB7F64200A3E9C8;
			packageReferences = (
				D16373A42AC083EC0077A7F2 /* XCRemoteSwiftPackageReference "Factory" */,
				D157AEBC2AC8087200C25694 /* XCRemoteSwiftPackageReference "Nuke" */,
			);
			productRefGroup = D1DA72D92AB7F64200A3E9C8 /* Products */;
			projectDirPath = "";
			projectRoot = "";
			targets = (
				D1DA72D72AB7F64200A3E9C8 /* TMDB */,
				D1CAE0A62ACF04C900C709AD /* TMDBTests */,
			);
		};
/* End PBXProject section */

/* Begin PBXResourcesBuildPhase section */
		D1CAE0A52ACF04C900C709AD /* Resources */ = {
			isa = PBXResourcesBuildPhase;
			buildActionMask = 2147483647;
			files = (
				D13A7F132ACF2CBC0086AFEA /* movie.json in Resources */,
				D13A7F152ACF2CE00086AFEA /* cast.json in Resources */,
				D13A7F172ACF2CEF0086AFEA /* person.json in Resources */,
				D1CAE0B52ACF09D500C709AD /* user.json in Resources */,
			);
			runOnlyForDeploymentPostprocessing = 0;
		};
		D1DA72D62AB7F64200A3E9C8 /* Resources */ = {
			isa = PBXResourcesBuildPhase;
			buildActionMask = 2147483647;
			files = (
				D1DA72E32AB7F64300A3E9C8 /* Preview Assets.xcassets in Resources */,
				D1DA72E02AB7F64300A3E9C8 /* Assets.xcassets in Resources */,
			);
			runOnlyForDeploymentPostprocessing = 0;
		};
/* End PBXResourcesBuildPhase section */

/* Begin PBXSourcesBuildPhase section */
		D1CAE0A32ACF04C900C709AD /* Sources */ = {
			isa = PBXSourcesBuildPhase;
			buildActionMask = 2147483647;
			files = (
				D13A7F1B2ACF2DCD0086AFEA /* CastTests.swift in Sources */,
				D1CAE0B22ACF050100C709AD /* UserTests.swift in Sources */,
				D13A7F1D2ACF2E480086AFEA /* PersonTests.swift in Sources */,
				D1CAE0AA2ACF04C900C709AD /* TMDBTests.swift in Sources */,
				D13A7F192ACF2DB90086AFEA /* MovieTests.swift in Sources */,
			);
			runOnlyForDeploymentPostprocessing = 0;
		};
		D1DA72D42AB7F64200A3E9C8 /* Sources */ = {
			isa = PBXSourcesBuildPhase;
			buildActionMask = 2147483647;
			files = (
				D10D59932ABA955E000BAE6E /* APIClient.swift in Sources */,
				D1014FF22ABEED61001DB3B2 /* SubmitButton.swift in Sources */,
				D178788C2ACC5FCE00BED74C /* WatchlistMoviesView.swift in Sources */,
				D163739E2AC074FF0077A7F2 /* Injection.swift in Sources */,
				D162636C2ABFECBF00413A52 /* Data+Converter.swift in Sources */,
				D1F1C8432AC5412000895F27 /* RootView.swift in Sources */,
				D1F1C8512AC58F6400895F27 /* SettingListView.swift in Sources */,
				D152D6B62AB890F70043CD30 /* MovieHorizontalListView.swift in Sources */,
				D1F1C8532AC58F7B00895F27 /* FooterView.swift in Sources */,
				D10222E62ABBE9560096C023 /* DecoratedField.swift in Sources */,
				D1F1C84A2AC54ACA00895F27 /* Onboard.swift in Sources */,
				D17878932ACC6D8700BED74C /* CastEndpoint.swift in Sources */,
				D16373962AC0127B0077A7F2 /* MovieError.swift in Sources */,
				D1F7866C2ABA167E001FD890 /* Endpoint.swift in Sources */,
				D1E4600B2ACB0CB3008F8F00 /* EmptySearchView.swift in Sources */,
				D1A9004D2AC1E0890077B4D8 /* ServerError.swift in Sources */,
				D119505C2ABD416A00A4EE80 /* LoginViewModel.swift in Sources */,
				D152D6B92AB89F5B0043CD30 /* MovieDetailView.swift in Sources */,
				D1DA72EF2AB7F9B100A3E9C8 /* SettingsView.swift in Sources */,
				D1014FF72ABEF23A001DB3B2 /* User.swift in Sources */,
				D1E45FFF2ACAA4C8008F8F00 /* MovieCastView.swift in Sources */,
				D1530D782AC99AE50006F0E6 /* ThemeView.swift in Sources */,
				D157AEBB2AC7BB6000C25694 /* MovieListViewModel.swift in Sources */,
				D1F7866E2ABA1E9F001FD890 /* MovieEndpoint.swift in Sources */,
				D1F1C84D2AC56A1F00895F27 /* Setting.swift in Sources */,
				D1DA72ED2AB7F97A00A3E9C8 /* SearchView.swift in Sources */,
				D1E460022ACABDD7008F8F00 /* Utils.swift in Sources */,
				D1F1C83E2AC5269900895F27 /* SessionManager.swift in Sources */,
				D1014FF92ABF02CA001DB3B2 /* MovieRepository.swift in Sources */,
				D1F1C84F2AC58EB900895F27 /* Constants.swift in Sources */,
				D1F1C8482AC549DB00895F27 /* OnboardInfoView.swift in Sources */,
				D1DA72EB2AB7F96D00A3E9C8 /* HomeView.swift in Sources */,
				D1CAE0B82ACF22EE00C709AD /* AboutView.swift in Sources */,
				D10222E22ABBE4420096C023 /* LoginView.swift in Sources */,
				D1530D7A2AC9B2240006F0E6 /* MovieDetailViewModel.swift in Sources */,
				D16263662ABFEAF300413A52 /* AccountEndpoint.swift in Sources */,
				D1E45FFD2ACAA454008F8F00 /* MovieCastViewModel.swift in Sources */,
				D1014FF42ABEF188001DB3B2 /* AccountRepository.swift in Sources */,
				D1DA72DE2AB7F64200A3E9C8 /* HomeTabView.swift in Sources */,
				D1DA72DC2AB7F64200A3E9C8 /* TMDBApp.swift in Sources */,
				D1E460042ACADD95008F8F00 /* SearchViewModel.swift in Sources */,
				D17D756D2AC2894600B65E5A /* Alert+Default.swift in Sources */,
				D178789C2ACC88C500BED74C /* ProgressLoader.swift in Sources */,
				D16373982AC0133B0077A7F2 /* AuthError.swift in Sources */,
				D1E45FFB2ACA8409008F8F00 /* MovieListLoaderView.swift in Sources */,
				D1E460072ACB0AB3008F8F00 /* MovieCard.swift in Sources */,
				D178788E2ACC6B6200BED74C /* CastViewModel.swift in Sources */,
				D162636A2ABFEC8300413A52 /* CastingError.swift in Sources */,
				D1F1C8462AC5487700895F27 /* OnboardView.swift in Sources */,
				D17878962ACC6E7700BED74C /* CastView.swift in Sources */,
				D17878912ACC6D4C00BED74C /* CastRepository.swift in Sources */,
				D17878882ACC577800BED74C /* FavoriteMoviesView.swift in Sources */,
				D119505E2ABD418C00A4EE80 /* AuthRepository.swift in Sources */,
				D17878982ACC791100BED74C /* CastError.swift in Sources */,
				D10D59962ABA9E1D000BAE6E /* DataParser.swift in Sources */,
				D178788A2ACC5EF000BED74C /* MovieListItem.swift in Sources */,
				D1E460092ACB0B5A008F8F00 /* RatingView.swift in Sources */,
				D10D59912ABA930E000BAE6E /* NetworkError.swift in Sources */,
				D1014FFB2ABF0314001DB3B2 /* Movie.swift in Sources */,
				D162636E2AC00A0F00413A52 /* Base.swift in Sources */,
				D1F7866A2ABA1644001FD890 /* AuthEndpoint.swift in Sources */,
				D1014FFD2ABF0439001DB3B2 /* Cast.swift in Sources */,
			);
			runOnlyForDeploymentPostprocessing = 0;
		};
/* End PBXSourcesBuildPhase section */

/* Begin PBXTargetDependency section */
		D1CAE0AC2ACF04C900C709AD /* PBXTargetDependency */ = {
			isa = PBXTargetDependency;
			target = D1DA72D72AB7F64200A3E9C8 /* TMDB */;
			targetProxy = D1CAE0AB2ACF04C900C709AD /* PBXContainerItemProxy */;
		};
/* End PBXTargetDependency section */

/* Begin XCBuildConfiguration section */
		D1CAE0AD2ACF04C900C709AD /* Debug */ = {
			isa = XCBuildConfiguration;
			buildSettings = {
				ASSETCATALOG_COMPILER_GENERATE_SWIFT_ASSET_SYMBOL_EXTENSIONS = YES;
				BUNDLE_LOADER = "$(TEST_HOST)";
				CODE_SIGN_STYLE = Automatic;
				CURRENT_PROJECT_VERSION = 1;
				DEVELOPMENT_TEAM = HW2VJEFH2M;
				ENABLE_USER_SCRIPT_SANDBOXING = YES;
				GCC_C_LANGUAGE_STANDARD = gnu17;
				GENERATE_INFOPLIST_FILE = YES;
				LOCALIZATION_PREFERS_STRING_CATALOGS = YES;
				MARKETING_VERSION = 1.0;
				PRODUCT_BUNDLE_IDENTIFIER = com.vinothvino.TMDBTests;
				PRODUCT_NAME = "$(TARGET_NAME)";
				SWIFT_ACTIVE_COMPILATION_CONDITIONS = "DEBUG $(inherited)";
				SWIFT_EMIT_LOC_STRINGS = NO;
				SWIFT_VERSION = 5.0;
				TARGETED_DEVICE_FAMILY = "1,2";
				TEST_HOST = "$(BUILT_PRODUCTS_DIR)/TMDB.app/$(BUNDLE_EXECUTABLE_FOLDER_PATH)/TMDB";
			};
			name = Debug;
		};
		D1CAE0AE2ACF04C900C709AD /* Release */ = {
			isa = XCBuildConfiguration;
			buildSettings = {
				ASSETCATALOG_COMPILER_GENERATE_SWIFT_ASSET_SYMBOL_EXTENSIONS = YES;
				BUNDLE_LOADER = "$(TEST_HOST)";
				CODE_SIGN_STYLE = Automatic;
				CURRENT_PROJECT_VERSION = 1;
				DEVELOPMENT_TEAM = HW2VJEFH2M;
				ENABLE_USER_SCRIPT_SANDBOXING = YES;
				GCC_C_LANGUAGE_STANDARD = gnu17;
				GENERATE_INFOPLIST_FILE = YES;
				LOCALIZATION_PREFERS_STRING_CATALOGS = YES;
				MARKETING_VERSION = 1.0;
				PRODUCT_BUNDLE_IDENTIFIER = com.vinothvino.TMDBTests;
				PRODUCT_NAME = "$(TARGET_NAME)";
				SWIFT_EMIT_LOC_STRINGS = NO;
				SWIFT_VERSION = 5.0;
				TARGETED_DEVICE_FAMILY = "1,2";
				TEST_HOST = "$(BUILT_PRODUCTS_DIR)/TMDB.app/$(BUNDLE_EXECUTABLE_FOLDER_PATH)/TMDB";
			};
			name = Release;
		};
		D1DA72E42AB7F64300A3E9C8 /* Debug */ = {
			isa = XCBuildConfiguration;
			buildSettings = {
				ALWAYS_SEARCH_USER_PATHS = NO;
				CLANG_ANALYZER_NONNULL = YES;
				CLANG_ANALYZER_NUMBER_OBJECT_CONVERSION = YES_AGGRESSIVE;
				CLANG_CXX_LANGUAGE_STANDARD = "gnu++20";
				CLANG_ENABLE_MODULES = YES;
				CLANG_ENABLE_OBJC_ARC = YES;
				CLANG_ENABLE_OBJC_WEAK = YES;
				CLANG_WARN_BLOCK_CAPTURE_AUTORELEASING = YES;
				CLANG_WARN_BOOL_CONVERSION = YES;
				CLANG_WARN_COMMA = YES;
				CLANG_WARN_CONSTANT_CONVERSION = YES;
				CLANG_WARN_DEPRECATED_OBJC_IMPLEMENTATIONS = YES;
				CLANG_WARN_DIRECT_OBJC_ISA_USAGE = YES_ERROR;
				CLANG_WARN_DOCUMENTATION_COMMENTS = YES;
				CLANG_WARN_EMPTY_BODY = YES;
				CLANG_WARN_ENUM_CONVERSION = YES;
				CLANG_WARN_INFINITE_RECURSION = YES;
				CLANG_WARN_INT_CONVERSION = YES;
				CLANG_WARN_NON_LITERAL_NULL_CONVERSION = YES;
				CLANG_WARN_OBJC_IMPLICIT_RETAIN_SELF = YES;
				CLANG_WARN_OBJC_LITERAL_CONVERSION = YES;
				CLANG_WARN_OBJC_ROOT_CLASS = YES_ERROR;
				CLANG_WARN_QUOTED_INCLUDE_IN_FRAMEWORK_HEADER = YES;
				CLANG_WARN_RANGE_LOOP_ANALYSIS = YES;
				CLANG_WARN_STRICT_PROTOTYPES = YES;
				CLANG_WARN_SUSPICIOUS_MOVE = YES;
				CLANG_WARN_UNGUARDED_AVAILABILITY = YES_AGGRESSIVE;
				CLANG_WARN_UNREACHABLE_CODE = YES;
				CLANG_WARN__DUPLICATE_METHOD_MATCH = YES;
				COPY_PHASE_STRIP = NO;
				DEBUG_INFORMATION_FORMAT = dwarf;
				ENABLE_STRICT_OBJC_MSGSEND = YES;
				ENABLE_TESTABILITY = YES;
				GCC_C_LANGUAGE_STANDARD = gnu11;
				GCC_DYNAMIC_NO_PIC = NO;
				GCC_NO_COMMON_BLOCKS = YES;
				GCC_OPTIMIZATION_LEVEL = 0;
				GCC_PREPROCESSOR_DEFINITIONS = (
					"DEBUG=1",
					"$(inherited)",
				);
				GCC_WARN_64_TO_32_BIT_CONVERSION = YES;
				GCC_WARN_ABOUT_RETURN_TYPE = YES_ERROR;
				GCC_WARN_UNDECLARED_SELECTOR = YES;
				GCC_WARN_UNINITIALIZED_AUTOS = YES_AGGRESSIVE;
				GCC_WARN_UNUSED_FUNCTION = YES;
				GCC_WARN_UNUSED_VARIABLE = YES;
				IPHONEOS_DEPLOYMENT_TARGET = 17.0;
				MTL_ENABLE_DEBUG_INFO = INCLUDE_SOURCE;
				MTL_FAST_MATH = YES;
				ONLY_ACTIVE_ARCH = YES;
				SDKROOT = iphoneos;
				SWIFT_ACTIVE_COMPILATION_CONDITIONS = DEBUG;
				SWIFT_OPTIMIZATION_LEVEL = "-Onone";
			};
			name = Debug;
		};
		D1DA72E52AB7F64300A3E9C8 /* Release */ = {
			isa = XCBuildConfiguration;
			buildSettings = {
				ALWAYS_SEARCH_USER_PATHS = NO;
				CLANG_ANALYZER_NONNULL = YES;
				CLANG_ANALYZER_NUMBER_OBJECT_CONVERSION = YES_AGGRESSIVE;
				CLANG_CXX_LANGUAGE_STANDARD = "gnu++20";
				CLANG_ENABLE_MODULES = YES;
				CLANG_ENABLE_OBJC_ARC = YES;
				CLANG_ENABLE_OBJC_WEAK = YES;
				CLANG_WARN_BLOCK_CAPTURE_AUTORELEASING = YES;
				CLANG_WARN_BOOL_CONVERSION = YES;
				CLANG_WARN_COMMA = YES;
				CLANG_WARN_CONSTANT_CONVERSION = YES;
				CLANG_WARN_DEPRECATED_OBJC_IMPLEMENTATIONS = YES;
				CLANG_WARN_DIRECT_OBJC_ISA_USAGE = YES_ERROR;
				CLANG_WARN_DOCUMENTATION_COMMENTS = YES;
				CLANG_WARN_EMPTY_BODY = YES;
				CLANG_WARN_ENUM_CONVERSION = YES;
				CLANG_WARN_INFINITE_RECURSION = YES;
				CLANG_WARN_INT_CONVERSION = YES;
				CLANG_WARN_NON_LITERAL_NULL_CONVERSION = YES;
				CLANG_WARN_OBJC_IMPLICIT_RETAIN_SELF = YES;
				CLANG_WARN_OBJC_LITERAL_CONVERSION = YES;
				CLANG_WARN_OBJC_ROOT_CLASS = YES_ERROR;
				CLANG_WARN_QUOTED_INCLUDE_IN_FRAMEWORK_HEADER = YES;
				CLANG_WARN_RANGE_LOOP_ANALYSIS = YES;
				CLANG_WARN_STRICT_PROTOTYPES = YES;
				CLANG_WARN_SUSPICIOUS_MOVE = YES;
				CLANG_WARN_UNGUARDED_AVAILABILITY = YES_AGGRESSIVE;
				CLANG_WARN_UNREACHABLE_CODE = YES;
				CLANG_WARN__DUPLICATE_METHOD_MATCH = YES;
				COPY_PHASE_STRIP = NO;
				DEBUG_INFORMATION_FORMAT = "dwarf-with-dsym";
				ENABLE_NS_ASSERTIONS = NO;
				ENABLE_STRICT_OBJC_MSGSEND = YES;
				GCC_C_LANGUAGE_STANDARD = gnu11;
				GCC_NO_COMMON_BLOCKS = YES;
				GCC_WARN_64_TO_32_BIT_CONVERSION = YES;
				GCC_WARN_ABOUT_RETURN_TYPE = YES_ERROR;
				GCC_WARN_UNDECLARED_SELECTOR = YES;
				GCC_WARN_UNINITIALIZED_AUTOS = YES_AGGRESSIVE;
				GCC_WARN_UNUSED_FUNCTION = YES;
				GCC_WARN_UNUSED_VARIABLE = YES;
				IPHONEOS_DEPLOYMENT_TARGET = 17.0;
				MTL_ENABLE_DEBUG_INFO = NO;
				MTL_FAST_MATH = YES;
				SDKROOT = iphoneos;
				SWIFT_COMPILATION_MODE = wholemodule;
				SWIFT_OPTIMIZATION_LEVEL = "-O";
				VALIDATE_PRODUCT = YES;
			};
			name = Release;
		};
		D1DA72E72AB7F64300A3E9C8 /* Debug */ = {
			isa = XCBuildConfiguration;
			buildSettings = {
				ASSETCATALOG_COMPILER_APPICON_NAME = AppIcon;
				ASSETCATALOG_COMPILER_GLOBAL_ACCENT_COLOR_NAME = AccentColor;
				CODE_SIGN_STYLE = Automatic;
				CURRENT_PROJECT_VERSION = 1;
				DEVELOPMENT_ASSET_PATHS = "\"TMDB/Preview Content\"";
				DEVELOPMENT_TEAM = HW2VJEFH2M;
				ENABLE_PREVIEWS = YES;
				GENERATE_INFOPLIST_FILE = YES;
				INFOPLIST_KEY_CFBundleDisplayName = TMDB;
				INFOPLIST_KEY_UIApplicationSceneManifest_Generation = YES;
				INFOPLIST_KEY_UIApplicationSupportsIndirectInputEvents = YES;
				INFOPLIST_KEY_UILaunchScreen_Generation = YES;
				INFOPLIST_KEY_UISupportedInterfaceOrientations_iPad = "UIInterfaceOrientationPortrait UIInterfaceOrientationPortraitUpsideDown UIInterfaceOrientationLandscapeLeft UIInterfaceOrientationLandscapeRight";
				INFOPLIST_KEY_UISupportedInterfaceOrientations_iPhone = "UIInterfaceOrientationPortrait UIInterfaceOrientationLandscapeLeft UIInterfaceOrientationLandscapeRight";
				IPHONEOS_DEPLOYMENT_TARGET = 17.0;
				LD_RUNPATH_SEARCH_PATHS = (
					"$(inherited)",
					"@executable_path/Frameworks",
				);
				MARKETING_VERSION = 1.0;
				PRODUCT_BUNDLE_IDENTIFIER = com.vinothvino.TMDB;
				PRODUCT_NAME = "$(TARGET_NAME)";
				SWIFT_EMIT_LOC_STRINGS = YES;
				SWIFT_VERSION = 5.0;
				TARGETED_DEVICE_FAMILY = "1,2";
			};
			name = Debug;
		};
		D1DA72E82AB7F64300A3E9C8 /* Release */ = {
			isa = XCBuildConfiguration;
			buildSettings = {
				ASSETCATALOG_COMPILER_APPICON_NAME = AppIcon;
				ASSETCATALOG_COMPILER_GLOBAL_ACCENT_COLOR_NAME = AccentColor;
				CODE_SIGN_STYLE = Automatic;
				CURRENT_PROJECT_VERSION = 1;
				DEVELOPMENT_ASSET_PATHS = "\"TMDB/Preview Content\"";
				DEVELOPMENT_TEAM = HW2VJEFH2M;
				ENABLE_PREVIEWS = YES;
				GENERATE_INFOPLIST_FILE = YES;
				INFOPLIST_KEY_CFBundleDisplayName = TMDB;
				INFOPLIST_KEY_UIApplicationSceneManifest_Generation = YES;
				INFOPLIST_KEY_UIApplicationSupportsIndirectInputEvents = YES;
				INFOPLIST_KEY_UILaunchScreen_Generation = YES;
				INFOPLIST_KEY_UISupportedInterfaceOrientations_iPad = "UIInterfaceOrientationPortrait UIInterfaceOrientationPortraitUpsideDown UIInterfaceOrientationLandscapeLeft UIInterfaceOrientationLandscapeRight";
				INFOPLIST_KEY_UISupportedInterfaceOrientations_iPhone = "UIInterfaceOrientationPortrait UIInterfaceOrientationLandscapeLeft UIInterfaceOrientationLandscapeRight";
				IPHONEOS_DEPLOYMENT_TARGET = 17.0;
				LD_RUNPATH_SEARCH_PATHS = (
					"$(inherited)",
					"@executable_path/Frameworks",
				);
				MARKETING_VERSION = 1.0;
				PRODUCT_BUNDLE_IDENTIFIER = com.vinothvino.TMDB;
				PRODUCT_NAME = "$(TARGET_NAME)";
				SWIFT_EMIT_LOC_STRINGS = YES;
				SWIFT_VERSION = 5.0;
				TARGETED_DEVICE_FAMILY = "1,2";
			};
			name = Release;
		};
/* End XCBuildConfiguration section */

/* Begin XCConfigurationList section */
		D1CAE0AF2ACF04C900C709AD /* Build configuration list for PBXNativeTarget "TMDBTests" */ = {
			isa = XCConfigurationList;
			buildConfigurations = (
				D1CAE0AD2ACF04C900C709AD /* Debug */,
				D1CAE0AE2ACF04C900C709AD /* Release */,
			);
			defaultConfigurationIsVisible = 0;
			defaultConfigurationName = Release;
		};
		D1DA72D32AB7F64200A3E9C8 /* Build configuration list for PBXProject "TMDB" */ = {
			isa = XCConfigurationList;
			buildConfigurations = (
				D1DA72E42AB7F64300A3E9C8 /* Debug */,
				D1DA72E52AB7F64300A3E9C8 /* Release */,
			);
			defaultConfigurationIsVisible = 0;
			defaultConfigurationName = Release;
		};
		D1DA72E62AB7F64300A3E9C8 /* Build configuration list for PBXNativeTarget "TMDB" */ = {
			isa = XCConfigurationList;
			buildConfigurations = (
				D1DA72E72AB7F64300A3E9C8 /* Debug */,
				D1DA72E82AB7F64300A3E9C8 /* Release */,
			);
			defaultConfigurationIsVisible = 0;
			defaultConfigurationName = Release;
		};
/* End XCConfigurationList section */

/* Begin XCRemoteSwiftPackageReference section */
		D157AEBC2AC8087200C25694 /* XCRemoteSwiftPackageReference "Nuke" */ = {
			isa = XCRemoteSwiftPackageReference;
			repositoryURL = "https://github.com/kean/Nuke";
			requirement = {
				kind = upToNextMajorVersion;
				minimumVersion = 12.1.6;
			};
		};
		D16373A42AC083EC0077A7F2 /* XCRemoteSwiftPackageReference "Factory" */ = {
			isa = XCRemoteSwiftPackageReference;
			repositoryURL = "https://github.com/hmlongco/Factory.git";
			requirement = {
				kind = upToNextMajorVersion;
				minimumVersion = 2.2.0;
			};
		};
/* End XCRemoteSwiftPackageReference section */

/* Begin XCSwiftPackageProductDependency section */
		D157AEBD2AC8087200C25694 /* Nuke */ = {
			isa = XCSwiftPackageProductDependency;
			package = D157AEBC2AC8087200C25694 /* XCRemoteSwiftPackageReference "Nuke" */;
			productName = Nuke;
		};
		D157AEBF2AC8087200C25694 /* NukeUI */ = {
			isa = XCSwiftPackageProductDependency;
			package = D157AEBC2AC8087200C25694 /* XCRemoteSwiftPackageReference "Nuke" */;
			productName = NukeUI;
		};
		D16373A52AC083EC0077A7F2 /* Factory */ = {
			isa = XCSwiftPackageProductDependency;
			package = D16373A42AC083EC0077A7F2 /* XCRemoteSwiftPackageReference "Factory" */;
			productName = Factory;
		};
/* End XCSwiftPackageProductDependency section */
	};
	rootObject = D1DA72D02AB7F64200A3E9C8 /* Project object */;
}
